PODS:
  - Alamofire (2.0.2)
  - APIKit (1.0.0):
    - Result (~> 1.0.0)
  - Eureka (1.1.0)
  - FastImageCache (1.3)
  - Himotoki (1.3.0)
  - MotionBlur (0.2.0)
  - ObjectMapper (0.19)
  - Realm (0.96.0):
    - Realm/Headers (= 0.96.0)
  - Realm/Headers (0.96.0)
  - RealmSwift (0.96.0):
    - Realm (= 0.96.0)
  - Result (1.0.0)
  - SDWebImage (3.7.3):
    - SDWebImage/Core (= 3.7.3)
  - SDWebImage/Core (3.7.3)
  - SwiftTask (4.0.0)
  - SwiftyJSON (2.3.0)

DEPENDENCIES:
  - Alamofire (~> 2.0)
  - APIKit (= 1.0.0)
  - Eureka (~> 1.0)
  - FastImageCache
  - Himotoki (~> 1.3)
  - MotionBlur
  - ObjectMapper (~> 0.19)
  - RealmSwift
  - SDWebImage
  - SwiftTask
  - SwiftyJSON

SPEC CHECKSUMS:
  Alamofire: 8edbab00802a752bb5240cc2abe70e7e881488ad
  APIKit: 89b0eb7d6ee645a1f518877e63b7208665f46a4d
  Eureka: 9b198a9f4098a1e75df31dde502105bc0b7e305b
  FastImageCache: 25f214fd46405daca3d1995d783fb83b9036c62e
  Himotoki: 4b505fe55f2380f5c9086ce3e02a1e0dea551a9a
  MotionBlur: 5dc5583a725f087bdf952278b1c41b7bb7ba5f79
  ObjectMapper: a88114e5df20f055da63029f25cbc01014847c91
  Realm: d1b1eff5264cd6a3158b7a9b6c499d7f6ad3a860
  RealmSwift: 40246e6f57a4e863bfdfc1ca1d7b967f0df607e2
  Result: feaaff535eb59c414c6c7f95e6145ab991b1b07f
  SDWebImage: 1d2b1a1efda1ade1b00b6f8498865f8ddedc8a84
  SwiftTask: 724ff63fc8bd9b366d242696d4aff098f6de3c3a
  SwiftyJSON: 8d6b61a70277ef2a5d710d372e06e7e2d87fb9e4

COCOAPODS: 0.38.2
